
Microsoft Visual Studio Solution File, Format Version 12.00
# Visual Studio 15
VisualStudioVersion = 15.0.28307.271
MinimumVisualStudioVersion = 10.0.40219.1
Project("{8BC9CEB8-8B4A-11D0-8D11-00A0C91BC942}") = "Procgen Art", "Procgen Art\Procgen Art.vcxproj", "{170FC0D3-6606-48E4-B22E-7F22BD688089}"
EndProject
Global
	GlobalSection(SolutionConfigurationPlatforms) = preSolution
		Debug|x64 = Debug|x64
		Debug|x86 = Debug|x86
		Release|x64 = Release|x64
		Release|x86 = Release|x86
	EndGlobalSection
	GlobalSection(ProjectConfigurationPlatforms) = postSolution
		{170FC0D3-6606-48E4-B22E-7F22BD688089}.Debug|x64.ActiveCfg = Debug|x64
		{170FC0D3-6606-48E4-B22E-7F22BD688089}.Debug|x64.Build.0 = Debug|x64
		{170FC0D3-6606-48E4-B22E-7F22BD688089}.Debug|x86.ActiveCfg = Debug|Win32
		{170FC0D3-6606-48E4-B22E-7F22BD688089}.Debug|x86.Build.0 = Debug|Win32
		{170FC0D3-6606-48E4-B22E-7F22BD688089}.Release|x64.ActiveCfg = Release|x64
		{170FC0D3-6606-48E4-B22E-7F22BD688089}.Release|x64.Build.0 = Release|x64
		{170FC0D3-6606-48E4-B22E-7F22BD688089}.Release|x86.ActiveCfg = Release|Win32
		{170FC0D3-6606-48E4-B22E-7F22BD688089}.Release|x86.Build.0 = Release|Win32
	EndGlobalSection
	GlobalSection(SolutionProperties) = preSolution
		HideSolutionNode = FALSE
	EndGlobalSection
	GlobalSection(ExtensibilityGlobals) = postSolution
		SolutionGuid = {89EB979F-3DDD-472F-8C7A-3FC707C492A6}
	EndGlobalSection
EndGlobal
